
Microsoft Visual Studio Solution File, Format Version 12.00
# Visual Studio Version 17
VisualStudioVersion = 17.2.32516.85
MinimumVisualStudioVersion = 10.0.40219.1
Project("{FAE04EC0-301F-11D3-BF4B-00C04F79EFBC}") = "GameAPI", "GameAPI\GameAPI.csproj", "{1597A25B-276D-4F2E-B7DF-069D284E8CFC}"
EndProject
Project("{FAE04EC0-301F-11D3-BF4B-00C04F79EFBC}") = "Gaming.Entities", "Gaming.Entities\Gaming.Entities.csproj", "{65EC8AD3-DA13-43F4-9DBB-4B98CF02E6D1}"
EndProject
Project("{FAE04EC0-301F-11D3-BF4B-00C04F79EFBC}") = "Gaming.Business", "Gaming.Business\Gaming.Business.csproj", "{98613A84-AED3-4C45-903A-A3540AD8AFDE}"
EndProject
Project("{FAE04EC0-301F-11D3-BF4B-00C04F79EFBC}") = "Gaming.DataAccess", "Gaming.DataAccess\Gaming.DataAccess.csproj", "{66AE6AE4-2BF3-49E4-B44F-FC305D402C2A}"
EndProject
Project("{FAE04EC0-301F-11D3-BF4B-00C04F79EFBC}") = "Gaming.TransferObjects", "Gaming.TransferObjects\Gaming.TransferObjects.csproj", "{2991E3D2-DF4F-4D91-AC26-DB7628FCEC76}"
EndProject
Global
	GlobalSection(SolutionConfigurationPlatforms) = preSolution
		Debug|Any CPU = Debug|Any CPU
		Release|Any CPU = Release|Any CPU
	EndGlobalSection
	GlobalSection(ProjectConfigurationPlatforms) = postSolution
		{1597A25B-276D-4F2E-B7DF-069D284E8CFC}.Debug|Any CPU.ActiveCfg = Debug|Any CPU
		{1597A25B-276D-4F2E-B7DF-069D284E8CFC}.Debug|Any CPU.Build.0 = Debug|Any CPU
		{1597A25B-276D-4F2E-B7DF-069D284E8CFC}.Release|Any CPU.ActiveCfg = Release|Any CPU
		{1597A25B-276D-4F2E-B7DF-069D284E8CFC}.Release|Any CPU.Build.0 = Release|Any CPU
		{65EC8AD3-DA13-43F4-9DBB-4B98CF02E6D1}.Debug|Any CPU.ActiveCfg = Debug|Any CPU
		{65EC8AD3-DA13-43F4-9DBB-4B98CF02E6D1}.Debug|Any CPU.Build.0 = Debug|Any CPU
		{65EC8AD3-DA13-43F4-9DBB-4B98CF02E6D1}.Release|Any CPU.ActiveCfg = Release|Any CPU
		{65EC8AD3-DA13-43F4-9DBB-4B98CF02E6D1}.Release|Any CPU.Build.0 = Release|Any CPU
		{98613A84-AED3-4C45-903A-A3540AD8AFDE}.Debug|Any CPU.ActiveCfg = Debug|Any CPU
		{98613A84-AED3-4C45-903A-A3540AD8AFDE}.Debug|Any CPU.Build.0 = Debug|Any CPU
		{98613A84-AED3-4C45-903A-A3540AD8AFDE}.Release|Any CPU.ActiveCfg = Release|Any CPU
		{98613A84-AED3-4C45-903A-A3540AD8AFDE}.Release|Any CPU.Build.0 = Release|Any CPU
		{66AE6AE4-2BF3-49E4-B44F-FC305D402C2A}.Debug|Any CPU.ActiveCfg = Debug|Any CPU
		{66AE6AE4-2BF3-49E4-B44F-FC305D402C2A}.Debug|Any CPU.Build.0 = Debug|Any CPU
		{66AE6AE4-2BF3-49E4-B44F-FC305D402C2A}.Release|Any CPU.ActiveCfg = Release|Any CPU
		{66AE6AE4-2BF3-49E4-B44F-FC305D402C2A}.Release|Any CPU.Build.0 = Release|Any CPU
		{2991E3D2-DF4F-4D91-AC26-DB7628FCEC76}.Debug|Any CPU.ActiveCfg = Debug|Any CPU
		{2991E3D2-DF4F-4D91-AC26-DB7628FCEC76}.Debug|Any CPU.Build.0 = Debug|Any CPU
		{2991E3D2-DF4F-4D91-AC26-DB7628FCEC76}.Release|Any CPU.ActiveCfg = Release|Any CPU
		{2991E3D2-DF4F-4D91-AC26-DB7628FCEC76}.Release|Any CPU.Build.0 = Release|Any CPU
	EndGlobalSection
	GlobalSection(SolutionProperties) = preSolution
		HideSolutionNode = FALSE
	EndGlobalSection
	GlobalSection(ExtensibilityGlobals) = postSolution
		SolutionGuid = {C6A8DC88-D9DB-4515-B01F-711ABA6760D8}
	EndGlobalSection
EndGlobal
